# This file is automatically @generated by Cargo.
# It is not intended for manual editing.
version = 4

[[package]]
name = "sgf"
version = "0.1.0"
dependencies = [
 "sgf-parse",
]

[[package]]
name = "sgf-parse"
version = "4.2.2"
source = "registry+https://github.com/rust-lang/crates.io-index"
checksum = "b4742b011c92c59e370bbdea683111d39285925b1a1140ef9b6c83181e2f302f"
