version = 1
revision = 1
requires-python = ">=3.13"

[[package]]
name = "pigwig"
version = "0.8.2"
source = { registry = "https://pypi.org/simple" }
wheels = [
    { url = "https://files.pythonhosted.org/packages/8e/2e/7ea76b8857549cdb0d6354547b99928d988b4c022d0cce5075f266b34a84/pigwig-0.8.2-py3-none-any.whl", hash = "sha256:268a6434e51110950d8c5dcb69cdc95b73a1647e1f7b680b2773492ba69d7264", size = 16006 },
]

[[package]]
name = "sgf"
version = "0"
source = { virtual = "." }
dependencies = [
    { name = "pigwig" },
]

[package.metadata]
requires-dist = [{ name = "pigwig", specifier = ">=0.8.2" }]
